
Microsoft Visual Studio Solution File, Format Version 12.00
# Visual Studio Version 16
VisualStudioVersion = 16.0.31515.178
MinimumVisualStudioVersion = 10.0.40219.1
Project("{FAE04EC0-301F-11D3-BF4B-00C04F79EFBC}") = "il_ilce_webapi", "il_ilce_webapi\il_ilce_webapi.csproj", "{09B3BF37-3532-4A9E-AB15-C88438B2145B}"
EndProject
Global
	GlobalSection(SolutionConfigurationPlatforms) = preSolution
		Debug|Any CPU = Debug|Any CPU
		Release|Any CPU = Release|Any CPU
	EndGlobalSection
	GlobalSection(ProjectConfigurationPlatforms) = postSolution
		{09B3BF37-3532-4A9E-AB15-C88438B2145B}.Debug|Any CPU.ActiveCfg = Debug|Any CPU
		{09B3BF37-3532-4A9E-AB15-C88438B2145B}.Debug|Any CPU.Build.0 = Debug|Any CPU
		{09B3BF37-3532-4A9E-AB15-C88438B2145B}.Release|Any CPU.ActiveCfg = Release|Any CPU
		{09B3BF37-3532-4A9E-AB15-C88438B2145B}.Release|Any CPU.Build.0 = Release|Any CPU
	EndGlobalSection
	GlobalSection(SolutionProperties) = preSolution
		HideSolutionNode = FALSE
	EndGlobalSection
	GlobalSection(ExtensibilityGlobals) = postSolution
		SolutionGuid = {BFF43790-8EF1-404F-B02E-59D11DECE834}
	EndGlobalSection
EndGlobal
